// !$*UTF8*$!
{
	archiveVersion = 1;
	classes = {
	};
	objectVersion = 50;
	objects = {

/* Begin PBXBuildFile section */
		2E3CB031234D9F36003067AF /* AppDelegate.swift in Sources */ = {isa = PBXBuildFile; fileRef = 2E3CB030234D9F36003067AF /* AppDelegate.swift */; };
		2E3CB033234D9F36003067AF /* SceneDelegate.swift in Sources */ = {isa = PBXBuildFile; fileRef = 2E3CB032234D9F36003067AF /* SceneDelegate.swift */; };
		2E3CB035234D9F36003067AF /* ViewController.swift in Sources */ = {isa = PBXBuildFile; fileRef = 2E3CB034234D9F36003067AF /* ViewController.swift */; };
		2E3CB038234D9F36003067AF /* Main.storyboard in Resources */ = {isa = PBXBuildFile; fileRef = 2E3CB036234D9F36003067AF /* Main.storyboard */; };
		2E3CB03A234D9F39003067AF /* Assets.xcassets in Resources */ = {isa = PBXBuildFile; fileRef = 2E3CB039234D9F39003067AF /* Assets.xcassets */; };
		2E3CB03D234D9F39003067AF /* LaunchScreen.storyboard in Resources */ = {isa = PBXBuildFile; fileRef = 2E3CB03B234D9F39003067AF /* LaunchScreen.storyboard */; };
		2E3CB047234E71E3003067AF /* OptionsInRegisterTableViewCell.swift in Sources */ = {isa = PBXBuildFile; fileRef = 2E3CB046234E71E3003067AF /* OptionsInRegisterTableViewCell.swift */; };
		2E3CB049234EE2DA003067AF /* cellsMainOptionsModel.swift in Sources */ = {isa = PBXBuildFile; fileRef = 2E3CB048234EE2DA003067AF /* cellsMainOptionsModel.swift */; };
		2E3CB04B234F0253003067AF /* cellsMainOptionsData.swift in Sources */ = {isa = PBXBuildFile; fileRef = 2E3CB04A234F0253003067AF /* cellsMainOptionsData.swift */; };
		2E3CB04D234F5033003067AF /* SecondViewController.swift in Sources */ = {isa = PBXBuildFile; fileRef = 2E3CB04C234F5033003067AF /* SecondViewController.swift */; };
		2E3CB051234F949F003067AF /* inputsSecondViewTableViewCell.swift in Sources */ = {isa = PBXBuildFile; fileRef = 2E3CB050234F949F003067AF /* inputsSecondViewTableViewCell.swift */; };
		2E3CB0572351A4D3003067AF /* cam.png in Resources */ = {isa = PBXBuildFile; fileRef = 2E3CB0562351A4D3003067AF /* cam.png */; };
		2E3CB0592351C797003067AF /* cellsSecondViewModel.swift in Sources */ = {isa = PBXBuildFile; fileRef = 2E3CB0582351C797003067AF /* cellsSecondViewModel.swift */; };
		2E3CB05B2351C7F5003067AF /* cellsSecondViewData.swift in Sources */ = {isa = PBXBuildFile; fileRef = 2E3CB05A2351C7F5003067AF /* cellsSecondViewData.swift */; };
/* End PBXBuildFile section */

/* Begin PBXFileReference section */
		2E3CB02D234D9F36003067AF /* Examen_iOS.app */ = {isa = PBXFileReference; explicitFileType = wrapper.application; includeInIndex = 0; path = Examen_iOS.app; sourceTree = BUILT_PRODUCTS_DIR; };
		2E3CB030234D9F36003067AF /* AppDelegate.swift */ = {isa = PBXFileReference; lastKnownFileType = sourcecode.swift; path = AppDelegate.swift; sourceTree = "<group>"; };
		2E3CB032234D9F36003067AF /* SceneDelegate.swift */ = {isa = PBXFileReference; lastKnownFileType = sourcecode.swift; path = SceneDelegate.swift; sourceTree = "<group>"; };
		2E3CB034234D9F36003067AF /* ViewController.swift */ = {isa = PBXFileReference; lastKnownFileType = sourcecode.swift; path = ViewController.swift; sourceTree = "<group>"; };
		2E3CB037234D9F36003067AF /* Base */ = {isa = PBXFileReference; lastKnownFileType = file.storyboard; name = Base; path = Base.lproj/Main.storyboard; sourceTree = "<group>"; };
		2E3CB039234D9F39003067AF /* Assets.xcassets */ = {isa = PBXFileReference; lastKnownFileType = folder.assetcatalog; path = Assets.xcassets; sourceTree = "<group>"; };
		2E3CB03C234D9F39003067AF /* Base */ = {isa = PBXFileReference; lastKnownFileType = file.storyboard; name = Base; path = Base.lproj/LaunchScreen.storyboard; sourceTree = "<group>"; };
		2E3CB03E234D9F39003067AF /* Info.plist */ = {isa = PBXFileReference; lastKnownFileType = text.plist.xml; path = Info.plist; sourceTree = "<group>"; };
		2E3CB046234E71E3003067AF /* OptionsInRegisterTableViewCell.swift */ = {isa = PBXFileReference; lastKnownFileType = sourcecode.swift; path = OptionsInRegisterTableViewCell.swift; sourceTree = "<group>"; };
		2E3CB048234EE2DA003067AF /* cellsMainOptionsModel.swift */ = {isa = PBXFileReference; lastKnownFileType = sourcecode.swift; path = cellsMainOptionsModel.swift; sourceTree = "<group>"; };
		2E3CB04A234F0253003067AF /* cellsMainOptionsData.swift */ = {isa = PBXFileReference; lastKnownFileType = sourcecode.swift; path = cellsMainOptionsData.swift; sourceTree = "<group>"; };
		2E3CB04C234F5033003067AF /* SecondViewController.swift */ = {isa = PBXFileReference; lastKnownFileType = sourcecode.swift; path = SecondViewController.swift; sourceTree = "<group>"; };
		2E3CB050234F949F003067AF /* inputsSecondViewTableViewCell.swift */ = {isa = PBXFileReference; lastKnownFileType = sourcecode.swift; path = inputsSecondViewTableViewCell.swift; sourceTree = "<group>"; };
		2E3CB0562351A4D3003067AF /* cam.png */ = {isa = PBXFileReference; lastKnownFileType = image.png; name = cam.png; path = ../../../Downloads/cam.png; sourceTree = "<group>"; };
		2E3CB0582351C797003067AF /* cellsSecondViewModel.swift */ = {isa = PBXFileReference; lastKnownFileType = sourcecode.swift; path = cellsSecondViewModel.swift; sourceTree = "<group>"; };
		2E3CB05A2351C7F5003067AF /* cellsSecondViewData.swift */ = {isa = PBXFileReference; lastKnownFileType = sourcecode.swift; path = cellsSecondViewData.swift; sourceTree = "<group>"; };
/* End PBXFileReference section */

/* Begin PBXFrameworksBuildPhase section */
		2E3CB02A234D9F36003067AF /* Frameworks */ = {
			isa = PBXFrameworksBuildPhase;
			buildActionMask = 2147483647;
			files = (
			);
			runOnlyForDeploymentPostprocessing = 0;
		};
/* End PBXFrameworksBuildPhase section */

/* Begin PBXGroup section */
		2E3CB024234D9F36003067AF = {
			isa = PBXGroup;
			children = (
				2E3CB02F234D9F36003067AF /* Examen_iOS */,
				2E3CB02E234D9F36003067AF /* Products */,
			);
			sourceTree = "<group>";
		};
		2E3CB02E234D9F36003067AF /* Products */ = {
			isa = PBXGroup;
			children = (
				2E3CB02D234D9F36003067AF /* Examen_iOS.app */,
			);
			name = Products;
			sourceTree = "<group>";
		};
		2E3CB02F234D9F36003067AF /* Examen_iOS */ = {
			isa = PBXGroup;
			children = (
				2E3CB030234D9F36003067AF /* AppDelegate.swift */,
				2E3CB032234D9F36003067AF /* SceneDelegate.swift */,
				2E3CB046234E71E3003067AF /* OptionsInRegisterTableViewCell.swift */,
				2E3CB050234F949F003067AF /* inputsSecondViewTableViewCell.swift */,
				2E3CB034234D9F36003067AF /* ViewController.swift */,
				2E3CB04C234F5033003067AF /* SecondViewController.swift */,
				2E3CB048234EE2DA003067AF /* cellsMainOptionsModel.swift */,
				2E3CB04A234F0253003067AF /* cellsMainOptionsData.swift */,
				2E3CB05A2351C7F5003067AF /* cellsSecondViewData.swift */,
				2E3CB0582351C797003067AF /* cellsSecondViewModel.swift */,
				2E3CB036234D9F36003067AF /* Main.storyboard */,
				2E3CB0562351A4D3003067AF /* cam.png */,
				2E3CB039234D9F39003067AF /* Assets.xcassets */,
				2E3CB03B234D9F39003067AF /* LaunchScreen.storyboard */,
				2E3CB03E234D9F39003067AF /* Info.plist */,
			);
			path = Examen_iOS;
			sourceTree = "<group>";
		};
/* End PBXGroup section */

/* Begin PBXNativeTarget section */
		2E3CB02C234D9F36003067AF /* Examen_iOS */ = {
			isa = PBXNativeTarget;
			buildConfigurationList = 2E3CB041234D9F39003067AF /* Build configuration list for PBXNativeTarget "Examen_iOS" */;
			buildPhases = (
				2E3CB029234D9F36003067AF /* Sources */,
				2E3CB02A234D9F36003067AF /* Frameworks */,
				2E3CB02B234D9F36003067AF /* Resources */,
			);
			buildRules = (
			);
			dependencies = (
			);
			name = Examen_iOS;
			productName = Examen_iOS;
			productReference = 2E3CB02D234D9F36003067AF /* Examen_iOS.app */;
			productType = "com.apple.product-type.application";
		};
/* End PBXNativeTarget section */

/* Begin PBXProject section */
		2E3CB025234D9F36003067AF /* Project object */ = {
			isa = PBXProject;
			attributes = {
				LastSwiftUpdateCheck = 1100;
				LastUpgradeCheck = 1100;
				ORGANIZATIONNAME = "Freddy Romero Espinosa";
				TargetAttributes = {
					2E3CB02C234D9F36003067AF = {
						CreatedOnToolsVersion = 11.0;
					};
				};
			};
			buildConfigurationList = 2E3CB028234D9F36003067AF /* Build configuration list for PBXProject "Examen_iOS" */;
			compatibilityVersion = "Xcode 9.3";
			developmentRegion = en;
			hasScannedForEncodings = 0;
			knownRegions = (
				en,
				Base,
			);
			mainGroup = 2E3CB024234D9F36003067AF;
			productRefGroup = 2E3CB02E234D9F36003067AF /* Products */;
			projectDirPath = "";
			projectRoot = "";
			targets = (
				2E3CB02C234D9F36003067AF /* Examen_iOS */,
			);
		};
/* End PBXProject section */

/* Begin PBXResourcesBuildPhase section */
		2E3CB02B234D9F36003067AF /* Resources */ = {
			isa = PBXResourcesBuildPhase;
			buildActionMask = 2147483647;
			files = (
				2E3CB03D234D9F39003067AF /* LaunchScreen.storyboard in Resources */,
				2E3CB0572351A4D3003067AF /* cam.png in Resources */,
				2E3CB03A234D9F39003067AF /* Assets.xcassets in Resources */,
				2E3CB038234D9F36003067AF /* Main.storyboard in Resources */,
			);
			runOnlyForDeploymentPostprocessing = 0;
		};
/* End PBXResourcesBuildPhase section */

/* Begin PBXSourcesBuildPhase section */
		2E3CB029234D9F36003067AF /* Sources */ = {
			isa = PBXSourcesBuildPhase;
			buildActionMask = 2147483647;
			files = (
				2E3CB035234D9F36003067AF /* ViewController.swift in Sources */,
				2E3CB051234F949F003067AF /* inputsSecondViewTableViewCell.swift in Sources */,
				2E3CB031234D9F36003067AF /* AppDelegate.swift in Sources */,
				2E3CB047234E71E3003067AF /* OptionsInRegisterTableViewCell.swift in Sources */,
				2E3CB049234EE2DA003067AF /* cellsMainOptionsModel.swift in Sources */,
				2E3CB0592351C797003067AF /* cellsSecondViewModel.swift in Sources */,
				2E3CB05B2351C7F5003067AF /* cellsSecondViewData.swift in Sources */,
				2E3CB04D234F5033003067AF /* SecondViewController.swift in Sources */,
				2E3CB033234D9F36003067AF /* SceneDelegate.swift in Sources */,
				2E3CB04B234F0253003067AF /* cellsMainOptionsData.swift in Sources */,
			);
			runOnlyForDeploymentPostprocessing = 0;
		};
/* End PBXSourcesBuildPhase section */

/* Begin PBXVariantGroup section */
		2E3CB036234D9F36003067AF /* Main.storyboard */ = {
			isa = PBXVariantGroup;
			children = (
				2E3CB037234D9F36003067AF /* Base */,
			);
			name = Main.storyboard;
			sourceTree = "<group>";
		};
		2E3CB03B234D9F39003067AF /* LaunchScreen.storyboard */ = {
			isa = PBXVariantGroup;
			children = (
				2E3CB03C234D9F39003067AF /* Base */,
			);
			name = LaunchScreen.storyboard;
			sourceTree = "<group>";
		};
/* End PBXVariantGroup section */

/* Begin XCBuildConfiguration section */
		2E3CB03F234D9F39003067AF /* Debug */ = {
			isa = XCBuildConfiguration;
			buildSettings = {
				ALWAYS_SEARCH_USER_PATHS = NO;
				CLANG_ANALYZER_NONNULL = YES;
				CLANG_ANALYZER_NUMBER_OBJECT_CONVERSION = YES_AGGRESSIVE;
				CLANG_CXX_LANGUAGE_STANDARD = "gnu++14";
				CLANG_CXX_LIBRARY = "libc++";
				CLANG_ENABLE_MODULES = YES;
				CLANG_ENABLE_OBJC_ARC = YES;
				CLANG_ENABLE_OBJC_WEAK = YES;
				CLANG_WARN_BLOCK_CAPTURE_AUTORELEASING = YES;
				CLANG_WARN_BOOL_CONVERSION = YES;
				CLANG_WARN_COMMA = YES;
				CLANG_WARN_CONSTANT_CONVERSION = YES;
				CLANG_WARN_DEPRECATED_OBJC_IMPLEMENTATIONS = YES;
				CLANG_WARN_DIRECT_OBJC_ISA_USAGE = YES_ERROR;
				CLANG_WARN_DOCUMENTATION_COMMENTS = YES;
				CLANG_WARN_EMPTY_BODY = YES;
				CLANG_WARN_ENUM_CONVERSION = YES;
				CLANG_WARN_INFINITE_RECURSION = YES;
				CLANG_WARN_INT_CONVERSION = YES;
				CLANG_WARN_NON_LITERAL_NULL_CONVERSION = YES;
				CLANG_WARN_OBJC_IMPLICIT_RETAIN_SELF = YES;
				CLANG_WARN_OBJC_LITERAL_CONVERSION = YES;
				CLANG_WARN_OBJC_ROOT_CLASS = YES_ERROR;
				CLANG_WARN_RANGE_LOOP_ANALYSIS = YES;
				CLANG_WARN_STRICT_PROTOTYPES = YES;
				CLANG_WARN_SUSPICIOUS_MOVE = YES;
				CLANG_WARN_UNGUARDED_AVAILABILITY = YES_AGGRESSIVE;
				CLANG_WARN_UNREACHABLE_CODE = YES;
				CLANG_WARN__DUPLICATE_METHOD_MATCH = YES;
				COPY_PHASE_STRIP = NO;
				DEBUG_INFORMATION_FORMAT = dwarf;
				ENABLE_STRICT_OBJC_MSGSEND = YES;
				ENABLE_TESTABILITY = YES;
				GCC_C_LANGUAGE_STANDARD = gnu11;
				GCC_DYNAMIC_NO_PIC = NO;
				GCC_NO_COMMON_BLOCKS = YES;
				GCC_OPTIMIZATION_LEVEL = 0;
				GCC_PREPROCESSOR_DEFINITIONS = (
					"DEBUG=1",
					"$(inherited)",
				);
				GCC_WARN_64_TO_32_BIT_CONVERSION = YES;
				GCC_WARN_ABOUT_RETURN_TYPE = YES_ERROR;
				GCC_WARN_UNDECLARED_SELECTOR = YES;
				GCC_WARN_UNINITIALIZED_AUTOS = YES_AGGRESSIVE;
				GCC_WARN_UNUSED_FUNCTION = YES;
				GCC_WARN_UNUSED_VARIABLE = YES;
				IPHONEOS_DEPLOYMENT_TARGET = 13.0;
				MTL_ENABLE_DEBUG_INFO = INCLUDE_SOURCE;
				MTL_FAST_MATH = YES;
				ONLY_ACTIVE_ARCH = YES;
				SDKROOT = iphoneos;
				SWIFT_ACTIVE_COMPILATION_CONDITIONS = DEBUG;
				SWIFT_OPTIMIZATION_LEVEL = "-Onone";
			};
			name = Debug;
		};
		2E3CB040234D9F39003067AF /* Release */ = {
			isa = XCBuildConfiguration;
			buildSettings = {
				ALWAYS_SEARCH_USER_PATHS = NO;
				CLANG_ANALYZER_NONNULL = YES;
				CLANG_ANALYZER_NUMBER_OBJECT_CONVERSION = YES_AGGRESSIVE;
				CLANG_CXX_LANGUAGE_STANDARD = "gnu++14";
				CLANG_CXX_LIBRARY = "libc++";
				CLANG_ENABLE_MODULES = YES;
				CLANG_ENABLE_OBJC_ARC = YES;
				CLANG_ENABLE_OBJC_WEAK = YES;
				CLANG_WARN_BLOCK_CAPTURE_AUTORELEASING = YES;
				CLANG_WARN_BOOL_CONVERSION = YES;
				CLANG_WARN_COMMA = YES;
				CLANG_WARN_CONSTANT_CONVERSION = YES;
				CLANG_WARN_DEPRECATED_OBJC_IMPLEMENTATIONS = YES;
				CLANG_WARN_DIRECT_OBJC_ISA_USAGE = YES_ERROR;
				CLANG_WARN_DOCUMENTATION_COMMENTS = YES;
				CLANG_WARN_EMPTY_BODY = YES;
				CLANG_WARN_ENUM_CONVERSION = YES;
				CLANG_WARN_INFINITE_RECURSION = YES;
				CLANG_WARN_INT_CONVERSION = YES;
				CLANG_WARN_NON_LITERAL_NULL_CONVERSION = YES;
				CLANG_WARN_OBJC_IMPLICIT_RETAIN_SELF = YES;
				CLANG_WARN_OBJC_LITERAL_CONVERSION = YES;
				CLANG_WARN_OBJC_ROOT_CLASS = YES_ERROR;
				CLANG_WARN_RANGE_LOOP_ANALYSIS = YES;
				CLANG_WARN_STRICT_PROTOTYPES = YES;
				CLANG_WARN_SUSPICIOUS_MOVE = YES;
				CLANG_WARN_UNGUARDED_AVAILABILITY = YES_AGGRESSIVE;
				CLANG_WARN_UNREACHABLE_CODE = YES;
				CLANG_WARN__DUPLICATE_METHOD_MATCH = YES;
				COPY_PHASE_STRIP = NO;
				DEBUG_INFORMATION_FORMAT = "dwarf-with-dsym";
				ENABLE_NS_ASSERTIONS = NO;
				ENABLE_STRICT_OBJC_MSGSEND = YES;
				GCC_C_LANGUAGE_STANDARD = gnu11;
				GCC_NO_COMMON_BLOCKS = YES;
				GCC_WARN_64_TO_32_BIT_CONVERSION = YES;
				GCC_WARN_ABOUT_RETURN_TYPE = YES_ERROR;
				GCC_WARN_UNDECLARED_SELECTOR = YES;
				GCC_WARN_UNINITIALIZED_AUTOS = YES_AGGRESSIVE;
				GCC_WARN_UNUSED_FUNCTION = YES;
				GCC_WARN_UNUSED_VARIABLE = YES;
				IPHONEOS_DEPLOYMENT_TARGET = 13.0;
				MTL_ENABLE_DEBUG_INFO = NO;
				MTL_FAST_MATH = YES;
				SDKROOT = iphoneos;
				SWIFT_COMPILATION_MODE = wholemodule;
				SWIFT_OPTIMIZATION_LEVEL = "-O";
				VALIDATE_PRODUCT = YES;
			};
			name = Release;
		};
		2E3CB042234D9F39003067AF /* Debug */ = {
			isa = XCBuildConfiguration;
			buildSettings = {
				ASSETCATALOG_COMPILER_APPICON_NAME = AppIcon;
				CODE_SIGN_STYLE = Automatic;
				DEVELOPMENT_TEAM = V5866F488K;
				INFOPLIST_FILE = Examen_iOS/Info.plist;
				LD_RUNPATH_SEARCH_PATHS = (
					"$(inherited)",
					"@executable_path/Frameworks",
				);
				PRODUCT_BUNDLE_IDENTIFIER = "romero.Freddy.Examen-iOS";
				PRODUCT_NAME = "$(TARGET_NAME)";
				SWIFT_VERSION = 5.0;
				TARGETED_DEVICE_FAMILY = "1,2";
			};
			name = Debug;
		};
		2E3CB043234D9F39003067AF /* Release */ = {
			isa = XCBuildConfiguration;
			buildSettings = {
				ASSETCATALOG_COMPILER_APPICON_NAME = AppIcon;
				CODE_SIGN_STYLE = Automatic;
				DEVELOPMENT_TEAM = V5866F488K;
				INFOPLIST_FILE = Examen_iOS/Info.plist;
				LD_RUNPATH_SEARCH_PATHS = (
					"$(inherited)",
					"@executable_path/Frameworks",
				);
				PRODUCT_BUNDLE_IDENTIFIER = "romero.Freddy.Examen-iOS";
				PRODUCT_NAME = "$(TARGET_NAME)";
				SWIFT_VERSION = 5.0;
				TARGETED_DEVICE_FAMILY = "1,2";
			};
			name = Release;
		};
/* End XCBuildConfiguration section */

/* Begin XCConfigurationList section */
		2E3CB028234D9F36003067AF /* Build configuration list for PBXProject "Examen_iOS" */ = {
			isa = XCConfigurationList;
			buildConfigurations = (
				2E3CB03F234D9F39003067AF /* Debug */,
				2E3CB040234D9F39003067AF /* Release */,
			);
			defaultConfigurationIsVisible = 0;
			defaultConfigurationName = Release;
		};
		2E3CB041234D9F39003067AF /* Build configuration list for PBXNativeTarget "Examen_iOS" */ = {
			isa = XCConfigurationList;
			buildConfigurations = (
				2E3CB042234D9F39003067AF /* Debug */,
				2E3CB043234D9F39003067AF /* Release */,
			);
			defaultConfigurationIsVisible = 0;
			defaultConfigurationName = Release;
		};
/* End XCConfigurationList section */
	};
	rootObject = 2E3CB025234D9F36003067AF /* Project object */;
}
